PODS:
  - AFNetworking (3.2.0):
    - AFNetworking/NSURLSession (= 3.2.0)
    - AFNetworking/Reachability (= 3.2.0)
    - AFNetworking/Security (= 3.2.0)
    - AFNetworking/Serialization (= 3.2.0)
    - AFNetworking/UIKit (= 3.2.0)
  - AFNetworking/NSURLSession (3.2.0):
    - AFNetworking/Reachability
    - AFNetworking/Security
    - AFNetworking/Serialization
  - AFNetworking/Reachability (3.2.0)
  - AFNetworking/Security (3.2.0)
  - AFNetworking/Serialization (3.2.0)
  - AFNetworking/UIKit (3.2.0):
    - AFNetworking/NSURLSession
  - BlocksKit (2.2.5):
    - BlocksKit/All (= 2.2.5)
  - BlocksKit/All (2.2.5):
    - BlocksKit/Core
    - BlocksKit/DynamicDelegate
    - BlocksKit/MessageUI
    - BlocksKit/UIKit
  - BlocksKit/Core (2.2.5)
  - BlocksKit/DynamicDelegate (2.2.5)
  - BlocksKit/MessageUI (2.2.5):
    - BlocksKit/Core
    - BlocksKit/DynamicDelegate
  - BlocksKit/UIKit (2.2.5):
    - BlocksKit/Core
    - BlocksKit/DynamicDelegate
  - ChameleonFramework (2.1.0):
    - ChameleonFramework/Default (= 2.1.0)
  - ChameleonFramework/Default (2.1.0)
  - CocoaLumberjack (3.4.1):
    - CocoaLumberjack/Default (= 3.4.1)
    - CocoaLumberjack/Extensions (= 3.4.1)
  - CocoaLumberjack/Default (3.4.1)
  - CocoaLumberjack/Extensions (3.4.1):
    - CocoaLumberjack/Default
  - CS-IOS/Core (0.1.0):
    - BlocksKit (~> 2.2.5)
    - ChameleonFramework
    - CocoaLumberjack (~> 3.4.1)
    - DZNEmptyDataSet
    - MBProgressHUD (~> 1.1.0)
    - MJRefresh (~> 3.1.15.3)
    - MMDrawerController (~> 0.6.0)
    - MZAppearance
    - SBJson (~> 3.1.1)
  - CS-IOS/WithAdditions (0.1.0):
    - AFNetworking (~> 3.2)
    - CS-IOS/Core
    - Reachability (~> 3.2)
    - RMessage (~> 2.2.1)
    - SDWebImage (~> 4.0.0)
    - XLPagerTabStrip (~> 3.0.0)
  - DZNEmptyDataSet (1.8.1)
  - HexColors (4.0.0)
  - MBProgressHUD (1.1.0)
  - MJRefresh (3.1.15.3)
  - MMDrawerController (0.6.0):
    - MMDrawerController/Core (= 0.6.0)
    - MMDrawerController/MMDrawerBarButtonItem (= 0.6.0)
    - MMDrawerController/MMDrawerVisualStates (= 0.6.0)
    - MMDrawerController/Subclass (= 0.6.0)
  - MMDrawerController/Core (0.6.0)
  - MMDrawerController/MMDrawerBarButtonItem (0.6.0):
    - MMDrawerController/Core
  - MMDrawerController/MMDrawerVisualStates (0.6.0):
    - MMDrawerController/Core
  - MMDrawerController/Subclass (0.6.0):
    - MMDrawerController/Core
  - MZAppearance (1.1.6)
  - PPTopMostController (0.0.1)
  - Reachability (3.2)
  - RMessage (2.2.1):
    - HexColors (~> 4.0)
    - PPTopMostController
  - SBJson (3.1.1)
  - SDWebImage (4.0.0):
    - SDWebImage/Core (= 4.0.0)
  - SDWebImage/Core (4.0.0)
  - XLPagerTabStrip (3.0.0)

DEPENDENCIES:
  - CS-IOS/WithAdditions (from `../`)

EXTERNAL SOURCES:
  CS-IOS:
    :path: ../

SPEC CHECKSUMS:
  AFNetworking: 8ac6017b94ea105479f7776e5288e48ae9c59bb4
  BlocksKit: 7f422b971407001178d181a43b99014ea2591fe6
  ChameleonFramework: d21a3cc247abfe5e37609a283a8238b03575cf64
  CocoaLumberjack: 2e258a064cacc8eb9a2aca318e24d02a0a7fd56d
  CS-IOS: fa9a25da1b97dc191864d7e31807b9055ff23184
  DZNEmptyDataSet: 9525833b9e68ac21c30253e1d3d7076cc828eaa7
  HexColors: 5f95843ef89aff6a72e1fd3a8ebabf205cc43379
  MBProgressHUD: e7baa36a220447d8aeb12769bf0585582f3866d9
  MJRefresh: b48380ae2b927b46c4ef000de9adb8dc748e1df7
  MMDrawerController: e3a54a5570388463ad3b36975251575b50c4e1a0
  MZAppearance: 0c06d3fa9cc55142f1da14bc8631fbe8fd6e19d5
  PPTopMostController: 4e6f1e5f8c645bdcc74cd837a20f607ff262c048
  Reachability: 33e18b67625424e47b6cde6d202dce689ad7af96
  RMessage: 37b1ab9d92ec1ffbafbbbdfc6f10c9524829c4e6
  SBJson: fed075209a18590e0c30bfbd0b8d8adf15135257
  SDWebImage: 76a6348bdc74eb5a55dd08a091ef298e56b55e41
  XLPagerTabStrip: 0f9f94246c84e7cb60a06ca435da68ac75c8b56e

PODFILE CHECKSUM: 542c07dc2365d0ee14fb698072bc079f43ea04d5

COCOAPODS: 1.4.0
