// !$*UTF8*$!
{
	archiveVersion = 1;
	classes = {
	};
	objectVersion = 55;
	objects = {

/* Begin PBXBuildFile section */
		04BF9FAD284BF3020081DA5C /* AppDelegate.swift in Sources */ = {isa = PBXBuildFile; fileRef = 04BF9FAC284BF3020081DA5C /* AppDelegate.swift */; };
		04BF9FAF284BF3020081DA5C /* SceneDelegate.swift in Sources */ = {isa = PBXBuildFile; fileRef = 04BF9FAE284BF3020081DA5C /* SceneDelegate.swift */; };
		04BF9FB1284BF3020081DA5C /* ViewController.swift in Sources */ = {isa = PBXBuildFile; fileRef = 04BF9FB0284BF3020081DA5C /* ViewController.swift */; };
		04BF9FB4284BF3020081DA5C /* Main.storyboard in Resources */ = {isa = PBXBuildFile; fileRef = 04BF9FB2284BF3020081DA5C /* Main.storyboard */; };
		04BF9FB6284BF3030081DA5C /* Assets.xcassets in Resources */ = {isa = PBXBuildFile; fileRef = 04BF9FB5284BF3030081DA5C /* Assets.xcassets */; };
		04BF9FB9284BF3030081DA5C /* LaunchScreen.storyboard in Resources */ = {isa = PBXBuildFile; fileRef = 04BF9FB7284BF3030081DA5C /* LaunchScreen.storyboard */; };
		04BF9FC4284BF3030081DA5C /* ExampleTests.swift in Sources */ = {isa = PBXBuildFile; fileRef = 04BF9FC3284BF3030081DA5C /* ExampleTests.swift */; };
		04BF9FCE284BF3030081DA5C /* ExampleUITests.swift in Sources */ = {isa = PBXBuildFile; fileRef = 04BF9FCD284BF3030081DA5C /* ExampleUITests.swift */; };
		04BF9FD0284BF3030081DA5C /* ExampleUITestsLaunchTests.swift in Sources */ = {isa = PBXBuildFile; fileRef = 04BF9FCF284BF3030081DA5C /* ExampleUITestsLaunchTests.swift */; };
		04BF9FDE284BF3470081DA5C /* Renetik in Frameworks */ = {isa = PBXBuildFile; productRef = 04BF9FDD284BF3470081DA5C /* Renetik */; };
/* End PBXBuildFile section */

/* Begin PBXContainerItemProxy section */
		04BF9FC0284BF3030081DA5C /* PBXContainerItemProxy */ = {
			isa = PBXContainerItemProxy;
			containerPortal = 04BF9FA1284BF3020081DA5C /* Project object */;
			proxyType = 1;
			remoteGlobalIDString = 04BF9FA8284BF3020081DA5C;
			remoteInfo = Example;
		};
		04BF9FCA284BF3030081DA5C /* PBXContainerItemProxy */ = {
			isa = PBXContainerItemProxy;
			containerPortal = 04BF9FA1284BF3020081DA5C /* Project object */;
			proxyType = 1;
			remoteGlobalIDString = 04BF9FA8284BF3020081DA5C;
			remoteInfo = Example;
		};
/* End PBXContainerItemProxy section */

/* Begin PBXFileReference section */
		04BF9FA9284BF3020081DA5C /* Example.app */ = {isa = PBXFileReference; explicitFileType = wrapper.application; includeInIndex = 0; path = Example.app; sourceTree = BUILT_PRODUCTS_DIR; };
		04BF9FAC284BF3020081DA5C /* AppDelegate.swift */ = {isa = PBXFileReference; lastKnownFileType = sourcecode.swift; path = AppDelegate.swift; sourceTree = "<group>"; };
		04BF9FAE284BF3020081DA5C /* SceneDelegate.swift */ = {isa = PBXFileReference; lastKnownFileType = sourcecode.swift; path = SceneDelegate.swift; sourceTree = "<group>"; };
		04BF9FB0284BF3020081DA5C /* ViewController.swift */ = {isa = PBXFileReference; lastKnownFileType = sourcecode.swift; path = ViewController.swift; sourceTree = "<group>"; };
		04BF9FB3284BF3020081DA5C /* Base */ = {isa = PBXFileReference; lastKnownFileType = file.storyboard; name = Base; path = Base.lproj/Main.storyboard; sourceTree = "<group>"; };
		04BF9FB5284BF3030081DA5C /* Assets.xcassets */ = {isa = PBXFileReference; lastKnownFileType = folder.assetcatalog; path = Assets.xcassets; sourceTree = "<group>"; };
		04BF9FB8284BF3030081DA5C /* Base */ = {isa = PBXFileReference; lastKnownFileType = file.storyboard; name = Base; path = Base.lproj/LaunchScreen.storyboard; sourceTree = "<group>"; };
		04BF9FBA284BF3030081DA5C /* Info.plist */ = {isa = PBXFileReference; lastKnownFileType = text.plist.xml; path = Info.plist; sourceTree = "<group>"; };
		04BF9FBF284BF3030081DA5C /* ExampleTests.xctest */ = {isa = PBXFileReference; explicitFileType = wrapper.cfbundle; includeInIndex = 0; path = ExampleTests.xctest; sourceTree = BUILT_PRODUCTS_DIR; };
		04BF9FC3284BF3030081DA5C /* ExampleTests.swift */ = {isa = PBXFileReference; lastKnownFileType = sourcecode.swift; path = ExampleTests.swift; sourceTree = "<group>"; };
		04BF9FC9284BF3030081DA5C /* ExampleUITests.xctest */ = {isa = PBXFileReference; explicitFileType = wrapper.cfbundle; includeInIndex = 0; path = ExampleUITests.xctest; sourceTree = BUILT_PRODUCTS_DIR; };
		04BF9FCD284BF3030081DA5C /* ExampleUITests.swift */ = {isa = PBXFileReference; lastKnownFileType = sourcecode.swift; path = ExampleUITests.swift; sourceTree = "<group>"; };
		04BF9FCF284BF3030081DA5C /* ExampleUITestsLaunchTests.swift */ = {isa = PBXFileReference; lastKnownFileType = sourcecode.swift; path = ExampleUITestsLaunchTests.swift; sourceTree = "<group>"; };
		04BF9FE0284BF35B0081DA5C /* renetik-library-ios */ = {isa = PBXFileReference; lastKnownFileType = wrapper; name = "renetik-library-ios"; path = ..; sourceTree = "<group>"; };
/* End PBXFileReference section */

/* Begin PBXFrameworksBuildPhase section */
		04BF9FA6284BF3020081DA5C /* Frameworks */ = {
			isa = PBXFrameworksBuildPhase;
			buildActionMask = 2147483647;
			files = (
				04BF9FDE284BF3470081DA5C /* Renetik in Frameworks */,
			);
			runOnlyForDeploymentPostprocessing = 0;
		};
		04BF9FBC284BF3030081DA5C /* Frameworks */ = {
			isa = PBXFrameworksBuildPhase;
			buildActionMask = 2147483647;
			files = (
			);
			runOnlyForDeploymentPostprocessing = 0;
		};
		04BF9FC6284BF3030081DA5C /* Frameworks */ = {
			isa = PBXFrameworksBuildPhase;
			buildActionMask = 2147483647;
			files = (
			);
			runOnlyForDeploymentPostprocessing = 0;
		};
/* End PBXFrameworksBuildPhase section */

/* Begin PBXGroup section */
		04BF9FA0284BF3020081DA5C = {
			isa = PBXGroup;
			children = (
				04BF9FDF284BF35B0081DA5C /* Packages */,
				04BF9FAB284BF3020081DA5C /* Example */,
				04BF9FC2284BF3030081DA5C /* ExampleTests */,
				04BF9FCC284BF3030081DA5C /* ExampleUITests */,
				04BF9FAA284BF3020081DA5C /* Products */,
			);
			sourceTree = "<group>";
		};
		04BF9FAA284BF3020081DA5C /* Products */ = {
			isa = PBXGroup;
			children = (
				04BF9FA9284BF3020081DA5C /* Example.app */,
				04BF9FBF284BF3030081DA5C /* ExampleTests.xctest */,
				04BF9FC9284BF3030081DA5C /* ExampleUITests.xctest */,
			);
			name = Products;
			sourceTree = "<group>";
		};
		04BF9FAB284BF3020081DA5C /* Example */ = {
			isa = PBXGroup;
			children = (
				04BF9FAC284BF3020081DA5C /* AppDelegate.swift */,
				04BF9FAE284BF3020081DA5C /* SceneDelegate.swift */,
				04BF9FB0284BF3020081DA5C /* ViewController.swift */,
				04BF9FB2284BF3020081DA5C /* Main.storyboard */,
				04BF9FB5284BF3030081DA5C /* Assets.xcassets */,
				04BF9FB7284BF3030081DA5C /* LaunchScreen.storyboard */,
				04BF9FBA284BF3030081DA5C /* Info.plist */,
			);
			path = Example;
			sourceTree = "<group>";
		};
		04BF9FC2284BF3030081DA5C /* ExampleTests */ = {
			isa = PBXGroup;
			children = (
				04BF9FC3284BF3030081DA5C /* ExampleTests.swift */,
			);
			path = ExampleTests;
			sourceTree = "<group>";
		};
		04BF9FCC284BF3030081DA5C /* ExampleUITests */ = {
			isa = PBXGroup;
			children = (
				04BF9FCD284BF3030081DA5C /* ExampleUITests.swift */,
				04BF9FCF284BF3030081DA5C /* ExampleUITestsLaunchTests.swift */,
			);
			path = ExampleUITests;
			sourceTree = "<group>";
		};
		04BF9FDF284BF35B0081DA5C /* Packages */ = {
			isa = PBXGroup;
			children = (
				04BF9FE0284BF35B0081DA5C /* renetik-library-ios */,
			);
			name = Packages;
			sourceTree = "<group>";
		};
/* End PBXGroup section */

/* Begin PBXNativeTarget section */
		04BF9FA8284BF3020081DA5C /* Example */ = {
			isa = PBXNativeTarget;
			buildConfigurationList = 04BF9FD3284BF3030081DA5C /* Build configuration list for PBXNativeTarget "Example" */;
			buildPhases = (
				04BF9FA5284BF3020081DA5C /* Sources */,
				04BF9FA6284BF3020081DA5C /* Frameworks */,
				04BF9FA7284BF3020081DA5C /* Resources */,
			);
			buildRules = (
			);
			dependencies = (
			);
			name = Example;
			packageProductDependencies = (
				04BF9FDD284BF3470081DA5C /* Renetik */,
			);
			productName = Example;
			productReference = 04BF9FA9284BF3020081DA5C /* Example.app */;
			productType = "com.apple.product-type.application";
		};
		04BF9FBE284BF3030081DA5C /* ExampleTests */ = {
			isa = PBXNativeTarget;
			buildConfigurationList = 04BF9FD6284BF3030081DA5C /* Build configuration list for PBXNativeTarget "ExampleTests" */;
			buildPhases = (
				04BF9FBB284BF3030081DA5C /* Sources */,
				04BF9FBC284BF3030081DA5C /* Frameworks */,
				04BF9FBD284BF3030081DA5C /* Resources */,
			);
			buildRules = (
			);
			dependencies = (
				04BF9FC1284BF3030081DA5C /* PBXTargetDependency */,
			);
			name = ExampleTests;
			productName = ExampleTests;
			productReference = 04BF9FBF284BF3030081DA5C /* ExampleTests.xctest */;
			productType = "com.apple.product-type.bundle.unit-test";
		};
		04BF9FC8284BF3030081DA5C /* ExampleUITests */ = {
			isa = PBXNativeTarget;
			buildConfigurationList = 04BF9FD9284BF3030081DA5C /* Build configuration list for PBXNativeTarget "ExampleUITests" */;
			buildPhases = (
				04BF9FC5284BF3030081DA5C /* Sources */,
				04BF9FC6284BF3030081DA5C /* Frameworks */,
				04BF9FC7284BF3030081DA5C /* Resources */,
			);
			buildRules = (
			);
			dependencies = (
				04BF9FCB284BF3030081DA5C /* PBXTargetDependency */,
			);
			name = ExampleUITests;
			productName = ExampleUITests;
			productReference = 04BF9FC9284BF3030081DA5C /* ExampleUITests.xctest */;
			productType = "com.apple.product-type.bundle.ui-testing";
		};
/* End PBXNativeTarget section */

/* Begin PBXProject section */
		04BF9FA1284BF3020081DA5C /* Project object */ = {
			isa = PBXProject;
			attributes = {
				BuildIndependentTargetsInParallel = 1;
				LastSwiftUpdateCheck = 1330;
				LastUpgradeCheck = 1330;
				TargetAttributes = {
					04BF9FA8284BF3020081DA5C = {
						CreatedOnToolsVersion = 13.3.1;
					};
					04BF9FBE284BF3030081DA5C = {
						CreatedOnToolsVersion = 13.3.1;
						TestTargetID = 04BF9FA8284BF3020081DA5C;
					};
					04BF9FC8284BF3030081DA5C = {
						CreatedOnToolsVersion = 13.3.1;
						TestTargetID = 04BF9FA8284BF3020081DA5C;
					};
				};
			};
			buildConfigurationList = 04BF9FA4284BF3020081DA5C /* Build configuration list for PBXProject "Example" */;
			compatibilityVersion = "Xcode 13.0";
			developmentRegion = en;
			hasScannedForEncodings = 0;
			knownRegions = (
				en,
				Base,
			);
			mainGroup = 04BF9FA0284BF3020081DA5C;
			packageReferences = (
				04BF9FDC284BF3470081DA5C /* XCRemoteSwiftPackageReference "renetik-library-ios" */,
			);
			productRefGroup = 04BF9FAA284BF3020081DA5C /* Products */;
			projectDirPath = "";
			projectRoot = "";
			targets = (
				04BF9FA8284BF3020081DA5C /* Example */,
				04BF9FBE284BF3030081DA5C /* ExampleTests */,
				04BF9FC8284BF3030081DA5C /* ExampleUITests */,
			);
		};
/* End PBXProject section */

/* Begin PBXResourcesBuildPhase section */
		04BF9FA7284BF3020081DA5C /* Resources */ = {
			isa = PBXResourcesBuildPhase;
			buildActionMask = 2147483647;
			files = (
				04BF9FB9284BF3030081DA5C /* LaunchScreen.storyboard in Resources */,
				04BF9FB6284BF3030081DA5C /* Assets.xcassets in Resources */,
				04BF9FB4284BF3020081DA5C /* Main.storyboard in Resources */,
			);
			runOnlyForDeploymentPostprocessing = 0;
		};
		04BF9FBD284BF3030081DA5C /* Resources */ = {
			isa = PBXResourcesBuildPhase;
			buildActionMask = 2147483647;
			files = (
			);
			runOnlyForDeploymentPostprocessing = 0;
		};
		04BF9FC7284BF3030081DA5C /* Resources */ = {
			isa = PBXResourcesBuildPhase;
			buildActionMask = 2147483647;
			files = (
			);
			runOnlyForDeploymentPostprocessing = 0;
		};
/* End PBXResourcesBuildPhase section */

/* Begin PBXSourcesBuildPhase section */
		04BF9FA5284BF3020081DA5C /* Sources */ = {
			isa = PBXSourcesBuildPhase;
			buildActionMask = 2147483647;
			files = (
				04BF9FB1284BF3020081DA5C /* ViewController.swift in Sources */,
				04BF9FAD284BF3020081DA5C /* AppDelegate.swift in Sources */,
				04BF9FAF284BF3020081DA5C /* SceneDelegate.swift in Sources */,
			);
			runOnlyForDeploymentPostprocessing = 0;
		};
		04BF9FBB284BF3030081DA5C /* Sources */ = {
			isa = PBXSourcesBuildPhase;
			buildActionMask = 2147483647;
			files = (
				04BF9FC4284BF3030081DA5C /* ExampleTests.swift in Sources */,
			);
			runOnlyForDeploymentPostprocessing = 0;
		};
		04BF9FC5284BF3030081DA5C /* Sources */ = {
			isa = PBXSourcesBuildPhase;
			buildActionMask = 2147483647;
			files = (
				04BF9FCE284BF3030081DA5C /* ExampleUITests.swift in Sources */,
				04BF9FD0284BF3030081DA5C /* ExampleUITestsLaunchTests.swift in Sources */,
			);
			runOnlyForDeploymentPostprocessing = 0;
		};
/* End PBXSourcesBuildPhase section */

/* Begin PBXTargetDependency section */
		04BF9FC1284BF3030081DA5C /* PBXTargetDependency */ = {
			isa = PBXTargetDependency;
			target = 04BF9FA8284BF3020081DA5C /* Example */;
			targetProxy = 04BF9FC0284BF3030081DA5C /* PBXContainerItemProxy */;
		};
		04BF9FCB284BF3030081DA5C /* PBXTargetDependency */ = {
			isa = PBXTargetDependency;
			target = 04BF9FA8284BF3020081DA5C /* Example */;
			targetProxy = 04BF9FCA284BF3030081DA5C /* PBXContainerItemProxy */;
		};
/* End PBXTargetDependency section */

/* Begin PBXVariantGroup section */
		04BF9FB2284BF3020081DA5C /* Main.storyboard */ = {
			isa = PBXVariantGroup;
			children = (
				04BF9FB3284BF3020081DA5C /* Base */,
			);
			name = Main.storyboard;
			sourceTree = "<group>";
		};
		04BF9FB7284BF3030081DA5C /* LaunchScreen.storyboard */ = {
			isa = PBXVariantGroup;
			children = (
				04BF9FB8284BF3030081DA5C /* Base */,
			);
			name = LaunchScreen.storyboard;
			sourceTree = "<group>";
		};
/* End PBXVariantGroup section */

/* Begin XCBuildConfiguration section */
		04BF9FD1284BF3030081DA5C /* Debug */ = {
			isa = XCBuildConfiguration;
			buildSettings = {
				ALWAYS_SEARCH_USER_PATHS = NO;
				CLANG_ANALYZER_NONNULL = YES;
				CLANG_ANALYZER_NUMBER_OBJECT_CONVERSION = YES_AGGRESSIVE;
				CLANG_CXX_LANGUAGE_STANDARD = "gnu++17";
				CLANG_ENABLE_MODULES = YES;
				CLANG_ENABLE_OBJC_ARC = YES;
				CLANG_ENABLE_OBJC_WEAK = YES;
				CLANG_WARN_BLOCK_CAPTURE_AUTORELEASING = YES;
				CLANG_WARN_BOOL_CONVERSION = YES;
				CLANG_WARN_COMMA = YES;
				CLANG_WARN_CONSTANT_CONVERSION = YES;
				CLANG_WARN_DEPRECATED_OBJC_IMPLEMENTATIONS = YES;
				CLANG_WARN_DIRECT_OBJC_ISA_USAGE = YES_ERROR;
				CLANG_WARN_DOCUMENTATION_COMMENTS = YES;
				CLANG_WARN_EMPTY_BODY = YES;
				CLANG_WARN_ENUM_CONVERSION = YES;
				CLANG_WARN_INFINITE_RECURSION = YES;
				CLANG_WARN_INT_CONVERSION = YES;
				CLANG_WARN_NON_LITERAL_NULL_CONVERSION = YES;
				CLANG_WARN_OBJC_IMPLICIT_RETAIN_SELF = YES;
				CLANG_WARN_OBJC_LITERAL_CONVERSION = YES;
				CLANG_WARN_OBJC_ROOT_CLASS = YES_ERROR;
				CLANG_WARN_QUOTED_INCLUDE_IN_FRAMEWORK_HEADER = YES;
				CLANG_WARN_RANGE_LOOP_ANALYSIS = YES;
				CLANG_WARN_STRICT_PROTOTYPES = YES;
				CLANG_WARN_SUSPICIOUS_MOVE = YES;
				CLANG_WARN_UNGUARDED_AVAILABILITY = YES_AGGRESSIVE;
				CLANG_WARN_UNREACHABLE_CODE = YES;
				CLANG_WARN__DUPLICATE_METHOD_MATCH = YES;
				COPY_PHASE_STRIP = NO;
				DEBUG_INFORMATION_FORMAT = dwarf;
				ENABLE_STRICT_OBJC_MSGSEND = YES;
				ENABLE_TESTABILITY = YES;
				GCC_C_LANGUAGE_STANDARD = gnu11;
				GCC_DYNAMIC_NO_PIC = NO;
				GCC_NO_COMMON_BLOCKS = YES;
				GCC_OPTIMIZATION_LEVEL = 0;
				GCC_PREPROCESSOR_DEFINITIONS = (
					"DEBUG=1",
					"$(inherited)",
				);
				GCC_WARN_64_TO_32_BIT_CONVERSION = YES;
				GCC_WARN_ABOUT_RETURN_TYPE = YES_ERROR;
				GCC_WARN_UNDECLARED_SELECTOR = YES;
				GCC_WARN_UNINITIALIZED_AUTOS = YES_AGGRESSIVE;
				GCC_WARN_UNUSED_FUNCTION = YES;
				GCC_WARN_UNUSED_VARIABLE = YES;
				IPHONEOS_DEPLOYMENT_TARGET = 15.4;
				MTL_ENABLE_DEBUG_INFO = INCLUDE_SOURCE;
				MTL_FAST_MATH = YES;
				ONLY_ACTIVE_ARCH = YES;
				SDKROOT = iphoneos;
				SWIFT_ACTIVE_COMPILATION_CONDITIONS = DEBUG;
				SWIFT_OPTIMIZATION_LEVEL = "-Onone";
			};
			name = Debug;
		};
		04BF9FD2284BF3030081DA5C /* Release */ = {
			isa = XCBuildConfiguration;
			buildSettings = {
				ALWAYS_SEARCH_USER_PATHS = NO;
				CLANG_ANALYZER_NONNULL = YES;
				CLANG_ANALYZER_NUMBER_OBJECT_CONVERSION = YES_AGGRESSIVE;
				CLANG_CXX_LANGUAGE_STANDARD = "gnu++17";
				CLANG_ENABLE_MODULES = YES;
				CLANG_ENABLE_OBJC_ARC = YES;
				CLANG_ENABLE_OBJC_WEAK = YES;
				CLANG_WARN_BLOCK_CAPTURE_AUTORELEASING = YES;
				CLANG_WARN_BOOL_CONVERSION = YES;
				CLANG_WARN_COMMA = YES;
				CLANG_WARN_CONSTANT_CONVERSION = YES;
				CLANG_WARN_DEPRECATED_OBJC_IMPLEMENTATIONS = YES;
				CLANG_WARN_DIRECT_OBJC_ISA_USAGE = YES_ERROR;
				CLANG_WARN_DOCUMENTATION_COMMENTS = YES;
				CLANG_WARN_EMPTY_BODY = YES;
				CLANG_WARN_ENUM_CONVERSION = YES;
				CLANG_WARN_INFINITE_RECURSION = YES;
				CLANG_WARN_INT_CONVERSION = YES;
				CLANG_WARN_NON_LITERAL_NULL_CONVERSION = YES;
				CLANG_WARN_OBJC_IMPLICIT_RETAIN_SELF = YES;
				CLANG_WARN_OBJC_LITERAL_CONVERSION = YES;
				CLANG_WARN_OBJC_ROOT_CLASS = YES_ERROR;
				CLANG_WARN_QUOTED_INCLUDE_IN_FRAMEWORK_HEADER = YES;
				CLANG_WARN_RANGE_LOOP_ANALYSIS = YES;
				CLANG_WARN_STRICT_PROTOTYPES = YES;
				CLANG_WARN_SUSPICIOUS_MOVE = YES;
				CLANG_WARN_UNGUARDED_AVAILABILITY = YES_AGGRESSIVE;
				CLANG_WARN_UNREACHABLE_CODE = YES;
				CLANG_WARN__DUPLICATE_METHOD_MATCH = YES;
				COPY_PHASE_STRIP = NO;
				DEBUG_INFORMATION_FORMAT = "dwarf-with-dsym";
				ENABLE_NS_ASSERTIONS = NO;
				ENABLE_STRICT_OBJC_MSGSEND = YES;
				GCC_C_LANGUAGE_STANDARD = gnu11;
				GCC_NO_COMMON_BLOCKS = YES;
				GCC_WARN_64_TO_32_BIT_CONVERSION = YES;
				GCC_WARN_ABOUT_RETURN_TYPE = YES_ERROR;
				GCC_WARN_UNDECLARED_SELECTOR = YES;
				GCC_WARN_UNINITIALIZED_AUTOS = YES_AGGRESSIVE;
				GCC_WARN_UNUSED_FUNCTION = YES;
				GCC_WARN_UNUSED_VARIABLE = YES;
				IPHONEOS_DEPLOYMENT_TARGET = 15.4;
				MTL_ENABLE_DEBUG_INFO = NO;
				MTL_FAST_MATH = YES;
				SDKROOT = iphoneos;
				SWIFT_COMPILATION_MODE = wholemodule;
				SWIFT_OPTIMIZATION_LEVEL = "-O";
				VALIDATE_PRODUCT = YES;
			};
			name = Release;
		};
		04BF9FD4284BF3030081DA5C /* Debug */ = {
			isa = XCBuildConfiguration;
			buildSettings = {
				ASSETCATALOG_COMPILER_APPICON_NAME = AppIcon;
				ASSETCATALOG_COMPILER_GLOBAL_ACCENT_COLOR_NAME = AccentColor;
				CODE_SIGN_STYLE = Automatic;
				CURRENT_PROJECT_VERSION = 1;
				DEVELOPMENT_TEAM = 4QNB24D8D8;
				GENERATE_INFOPLIST_FILE = YES;
				INFOPLIST_FILE = Example/Info.plist;
				INFOPLIST_KEY_UIApplicationSupportsIndirectInputEvents = YES;
				INFOPLIST_KEY_UILaunchStoryboardName = LaunchScreen;
				INFOPLIST_KEY_UIMainStoryboardFile = Main;
				INFOPLIST_KEY_UISupportedInterfaceOrientations_iPad = "UIInterfaceOrientationPortrait UIInterfaceOrientationPortraitUpsideDown UIInterfaceOrientationLandscapeLeft UIInterfaceOrientationLandscapeRight";
				INFOPLIST_KEY_UISupportedInterfaceOrientations_iPhone = "UIInterfaceOrientationPortrait UIInterfaceOrientationLandscapeLeft UIInterfaceOrientationLandscapeRight";
				LD_RUNPATH_SEARCH_PATHS = (
					"$(inherited)",
					"@executable_path/Frameworks",
				);
				MARKETING_VERSION = 1.0;
				PRODUCT_BUNDLE_IDENTIFIER = renetik.library.core.example.Example;
				PRODUCT_NAME = "$(TARGET_NAME)";
				SWIFT_EMIT_LOC_STRINGS = YES;
				SWIFT_VERSION = 5.0;
				TARGETED_DEVICE_FAMILY = "1,2";
			};
			name = Debug;
		};
		04BF9FD5284BF3030081DA5C /* Release */ = {
			isa = XCBuildConfiguration;
			buildSettings = {
				ASSETCATALOG_COMPILER_APPICON_NAME = AppIcon;
				ASSETCATALOG_COMPILER_GLOBAL_ACCENT_COLOR_NAME = AccentColor;
				CODE_SIGN_STYLE = Automatic;
				CURRENT_PROJECT_VERSION = 1;
				DEVELOPMENT_TEAM = 4QNB24D8D8;
				GENERATE_INFOPLIST_FILE = YES;
				INFOPLIST_FILE = Example/Info.plist;
				INFOPLIST_KEY_UIApplicationSupportsIndirectInputEvents = YES;
				INFOPLIST_KEY_UILaunchStoryboardName = LaunchScreen;
				INFOPLIST_KEY_UIMainStoryboardFile = Main;
				INFOPLIST_KEY_UISupportedInterfaceOrientations_iPad = "UIInterfaceOrientationPortrait UIInterfaceOrientationPortraitUpsideDown UIInterfaceOrientationLandscapeLeft UIInterfaceOrientationLandscapeRight";
				INFOPLIST_KEY_UISupportedInterfaceOrientations_iPhone = "UIInterfaceOrientationPortrait UIInterfaceOrientationLandscapeLeft UIInterfaceOrientationLandscapeRight";
				LD_RUNPATH_SEARCH_PATHS = (
					"$(inherited)",
					"@executable_path/Frameworks",
				);
				MARKETING_VERSION = 1.0;
				PRODUCT_BUNDLE_IDENTIFIER = renetik.library.core.example.Example;
				PRODUCT_NAME = "$(TARGET_NAME)";
				SWIFT_EMIT_LOC_STRINGS = YES;
				SWIFT_VERSION = 5.0;
				TARGETED_DEVICE_FAMILY = "1,2";
			};
			name = Release;
		};
		04BF9FD7284BF3030081DA5C /* Debug */ = {
			isa = XCBuildConfiguration;
			buildSettings = {
				ALWAYS_EMBED_SWIFT_STANDARD_LIBRARIES = YES;
				BUNDLE_LOADER = "$(TEST_HOST)";
				CODE_SIGN_STYLE = Automatic;
				CURRENT_PROJECT_VERSION = 1;
				DEVELOPMENT_TEAM = 4QNB24D8D8;
				GENERATE_INFOPLIST_FILE = YES;
				IPHONEOS_DEPLOYMENT_TARGET = 15.4;
				MARKETING_VERSION = 1.0;
				PRODUCT_BUNDLE_IDENTIFIER = renetik.library.core.example.ExampleTests;
				PRODUCT_NAME = "$(TARGET_NAME)";
				SWIFT_EMIT_LOC_STRINGS = NO;
				SWIFT_VERSION = 5.0;
				TARGETED_DEVICE_FAMILY = "1,2";
				TEST_HOST = "$(BUILT_PRODUCTS_DIR)/Example.app/Example";
			};
			name = Debug;
		};
		04BF9FD8284BF3030081DA5C /* Release */ = {
			isa = XCBuildConfiguration;
			buildSettings = {
				ALWAYS_EMBED_SWIFT_STANDARD_LIBRARIES = YES;
				BUNDLE_LOADER = "$(TEST_HOST)";
				CODE_SIGN_STYLE = Automatic;
				CURRENT_PROJECT_VERSION = 1;
				DEVELOPMENT_TEAM = 4QNB24D8D8;
				GENERATE_INFOPLIST_FILE = YES;
				IPHONEOS_DEPLOYMENT_TARGET = 15.4;
				MARKETING_VERSION = 1.0;
				PRODUCT_BUNDLE_IDENTIFIER = renetik.library.core.example.ExampleTests;
				PRODUCT_NAME = "$(TARGET_NAME)";
				SWIFT_EMIT_LOC_STRINGS = NO;
				SWIFT_VERSION = 5.0;
				TARGETED_DEVICE_FAMILY = "1,2";
				TEST_HOST = "$(BUILT_PRODUCTS_DIR)/Example.app/Example";
			};
			name = Release;
		};
		04BF9FDA284BF3030081DA5C /* Debug */ = {
			isa = XCBuildConfiguration;
			buildSettings = {
				ALWAYS_EMBED_SWIFT_STANDARD_LIBRARIES = YES;
				CODE_SIGN_STYLE = Automatic;
				CURRENT_PROJECT_VERSION = 1;
				DEVELOPMENT_TEAM = 4QNB24D8D8;
				GENERATE_INFOPLIST_FILE = YES;
				MARKETING_VERSION = 1.0;
				PRODUCT_BUNDLE_IDENTIFIER = renetik.library.core.example.ExampleUITests;
				PRODUCT_NAME = "$(TARGET_NAME)";
				SWIFT_EMIT_LOC_STRINGS = NO;
				SWIFT_VERSION = 5.0;
				TARGETED_DEVICE_FAMILY = "1,2";
				TEST_TARGET_NAME = Example;
			};
			name = Debug;
		};
		04BF9FDB284BF3030081DA5C /* Release */ = {
			isa = XCBuildConfiguration;
			buildSettings = {
				ALWAYS_EMBED_SWIFT_STANDARD_LIBRARIES = YES;
				CODE_SIGN_STYLE = Automatic;
				CURRENT_PROJECT_VERSION = 1;
				DEVELOPMENT_TEAM = 4QNB24D8D8;
				GENERATE_INFOPLIST_FILE = YES;
				MARKETING_VERSION = 1.0;
				PRODUCT_BUNDLE_IDENTIFIER = renetik.library.core.example.ExampleUITests;
				PRODUCT_NAME = "$(TARGET_NAME)";
				SWIFT_EMIT_LOC_STRINGS = NO;
				SWIFT_VERSION = 5.0;
				TARGETED_DEVICE_FAMILY = "1,2";
				TEST_TARGET_NAME = Example;
			};
			name = Release;
		};
/* End XCBuildConfiguration section */

/* Begin XCConfigurationList section */
		04BF9FA4284BF3020081DA5C /* Build configuration list for PBXProject "Example" */ = {
			isa = XCConfigurationList;
			buildConfigurations = (
				04BF9FD1284BF3030081DA5C /* Debug */,
				04BF9FD2284BF3030081DA5C /* Release */,
			);
			defaultConfigurationIsVisible = 0;
			defaultConfigurationName = Release;
		};
		04BF9FD3284BF3030081DA5C /* Build configuration list for PBXNativeTarget "Example" */ = {
			isa = XCConfigurationList;
			buildConfigurations = (
				04BF9FD4284BF3030081DA5C /* Debug */,
				04BF9FD5284BF3030081DA5C /* Release */,
			);
			defaultConfigurationIsVisible = 0;
			defaultConfigurationName = Release;
		};
		04BF9FD6284BF3030081DA5C /* Build configuration list for PBXNativeTarget "ExampleTests" */ = {
			isa = XCConfigurationList;
			buildConfigurations = (
				04BF9FD7284BF3030081DA5C /* Debug */,
				04BF9FD8284BF3030081DA5C /* Release */,
			);
			defaultConfigurationIsVisible = 0;
			defaultConfigurationName = Release;
		};
		04BF9FD9284BF3030081DA5C /* Build configuration list for PBXNativeTarget "ExampleUITests" */ = {
			isa = XCConfigurationList;
			buildConfigurations = (
				04BF9FDA284BF3030081DA5C /* Debug */,
				04BF9FDB284BF3030081DA5C /* Release */,
			);
			defaultConfigurationIsVisible = 0;
			defaultConfigurationName = Release;
		};
/* End XCConfigurationList section */

/* Begin XCRemoteSwiftPackageReference section */
		04BF9FDC284BF3470081DA5C /* XCRemoteSwiftPackageReference "renetik-library-ios" */ = {
			isa = XCRemoteSwiftPackageReference;
			repositoryURL = "https://github.com/rene-dohan/renetik-library-ios";
			requirement = {
				branch = master;
				kind = branch;
			};
		};
/* End XCRemoteSwiftPackageReference section */

/* Begin XCSwiftPackageProductDependency section */
		04BF9FDD284BF3470081DA5C /* Renetik */ = {
			isa = XCSwiftPackageProductDependency;
			package = 04BF9FDC284BF3470081DA5C /* XCRemoteSwiftPackageReference "renetik-library-ios" */;
			productName = Renetik;
		};
/* End XCSwiftPackageProductDependency section */
	};
	rootObject = 04BF9FA1284BF3020081DA5C /* Project object */;
}
